
Microsoft Visual Studio Solution File, Format Version 12.00
# Visual Studio Version 16
VisualStudioVersion = 16.0.32126.315
MinimumVisualStudioVersion = 10.0.40219.1
Project("{FAE04EC0-301F-11D3-BF4B-00C04F79EFBC}") = "TA.Retail", "TA.Retail\TA.Retail.csproj", "{F8677A67-A2D8-4353-BC83-4CA9536E4306}"
EndProject
Global
	GlobalSection(SolutionConfigurationPlatforms) = preSolution
		Debug|Any CPU = Debug|Any CPU
		Release|Any CPU = Release|Any CPU
	EndGlobalSection
	GlobalSection(ProjectConfigurationPlatforms) = postSolution
		{F8677A67-A2D8-4353-BC83-4CA9536E4306}.Debug|Any CPU.ActiveCfg = Debug|Any CPU
		{F8677A67-A2D8-4353-BC83-4CA9536E4306}.Debug|Any CPU.Build.0 = Debug|Any CPU
		{F8677A67-A2D8-4353-BC83-4CA9536E4306}.Release|Any CPU.ActiveCfg = Release|Any CPU
		{F8677A67-A2D8-4353-BC83-4CA9536E4306}.Release|Any CPU.Build.0 = Release|Any CPU
	EndGlobalSection
	GlobalSection(SolutionProperties) = preSolution
		HideSolutionNode = FALSE
	EndGlobalSection
	GlobalSection(ExtensibilityGlobals) = postSolution
		SolutionGuid = {5516C2FC-ADB4-4227-B2F8-2C86796B65AD}
	EndGlobalSection
EndGlobal
